{
    "_meta": {
        "hash": {
            "sha256": "5f76f512bb80e91ca40c655a46177161f6c547f355bde428ea8fcf0997b85333"
        },
        "pipfile-spec": 6,
        "requires": {
            "python_version": "3.6"
        },
        "sources": [
            {
                "name": "pypi",
                "url": "https://pypi.org/simple",
                "verify_ssl": true
            }
        ]
    },
    "default": {
        "django": {
            "hashes": [
                "sha256:b9806e0d598fd04b29b8ef35aea8c9308b3803c3ce8adab4d342db9cdfd42dfb",
                "sha256:e50c8d4653433413d26ecf25a84ccdcb9c7eac7cd1bb36eed4cd89c71f43064e"
            ],
            "index": "pypi",
            "version": "==1.9.8"
        }
    },
    "develop": {}
}
